// !$*UTF8*$!
{
	archiveVersion = 1;
	classes = {
	};
	objectVersion = 77;
	objects = {

/* Begin PBXBuildFile section */
		9D4FED152CDDCB5500C5941E /* FeedItem.swift in Sources */ = {isa = PBXBuildFile; fileRef = 9D4FED142CDDCB5500C5941E /* FeedItem.swift */; };
		9D4FED232CE31FA500C5941E /* FeedEntity+CoreDataClass.swift in Sources */ = {isa = PBXBuildFile; fileRef = 9D4FED212CE31FA500C5941E /* FeedEntity+CoreDataClass.swift */; };
		9D4FED242CE31FA500C5941E /* FeedEntity+CoreDataProperties.swift in Sources */ = {isa = PBXBuildFile; fileRef = 9D4FED222CE31FA500C5941E /* FeedEntity+CoreDataProperties.swift */; };
		9D4FED8F2CE3274100C5941E /* FeedStorageManager.swift in Sources */ = {isa = PBXBuildFile; fileRef = 9D4FED8E2CE3274100C5941E /* FeedStorageManager.swift */; };
		9D4FED912CE3330F00C5941E /* FeedDataManager.swift in Sources */ = {isa = PBXBuildFile; fileRef = 9D4FED902CE3330F00C5941E /* FeedDataManager.swift */; };
		9D6B3C442CC883BA0061939C /* ShareSpotInfo.swift in Sources */ = {isa = PBXBuildFile; fileRef = 9D6B3C432CC883BA0061939C /* ShareSpotInfo.swift */; };
		9DD769412CC21D6800BF683F /* NetworkManager.swift in Sources */ = {isa = PBXBuildFile; fileRef = 9DD769402CC21D6800BF683F /* NetworkManager.swift */; };
		9DD769432CC21F7700BF683F /* AttractionResponse.swift in Sources */ = {isa = PBXBuildFile; fileRef = 9DD769422CC21F7700BF683F /* AttractionResponse.swift */; };
		9DD769462CC22BC600BF683F /* SDWebImage in Frameworks */ = {isa = PBXBuildFile; productRef = 9DD769452CC22BC600BF683F /* SDWebImage */; };
		9DD769482CC22BC600BF683F /* SDWebImageMapKit in Frameworks */ = {isa = PBXBuildFile; productRef = 9DD769472CC22BC600BF683F /* SDWebImageMapKit */; };
		9DD769B22CC60FDA00BF683F /* AttractionImagesResponse.swift in Sources */ = {isa = PBXBuildFile; fileRef = 9DD769B12CC60FDA00BF683F /* AttractionImagesResponse.swift */; };
		9DD76A162CC628D000BF683F /* CategoryCode.swift in Sources */ = {isa = PBXBuildFile; fileRef = 9DD76A152CC628D000BF683F /* CategoryCode.swift */; };
		9DD76A182CC63C5600BF683F /* UnifiedResponse.swift in Sources */ = {isa = PBXBuildFile; fileRef = 9DD76A172CC63C5600BF683F /* UnifiedResponse.swift */; };
/* End PBXBuildFile section */

/* Begin PBXContainerItemProxy section */
		9D095B192CC18120003A117D /* PBXContainerItemProxy */ = {
			isa = PBXContainerItemProxy;
			containerPortal = 9D095AF72CC1811E003A117D /* Project object */;
			proxyType = 1;
			remoteGlobalIDString = 9D095AFE2CC1811E003A117D;
			remoteInfo = takeTrip;
		};
		9D095B232CC18120003A117D /* PBXContainerItemProxy */ = {
			isa = PBXContainerItemProxy;
			containerPortal = 9D095AF72CC1811E003A117D /* Project object */;
			proxyType = 1;
			remoteGlobalIDString = 9D095AFE2CC1811E003A117D;
			remoteInfo = takeTrip;
		};
/* End PBXContainerItemProxy section */

/* Begin PBXFileReference section */
		9D095AFF2CC1811E003A117D /* takeTrip.app */ = {isa = PBXFileReference; explicitFileType = wrapper.application; includeInIndex = 0; path = takeTrip.app; sourceTree = BUILT_PRODUCTS_DIR; };
		9D095B182CC18120003A117D /* takeTripTests.xctest */ = {isa = PBXFileReference; explicitFileType = wrapper.cfbundle; includeInIndex = 0; path = takeTripTests.xctest; sourceTree = BUILT_PRODUCTS_DIR; };
		9D095B222CC18120003A117D /* takeTripUITests.xctest */ = {isa = PBXFileReference; explicitFileType = wrapper.cfbundle; includeInIndex = 0; path = takeTripUITests.xctest; sourceTree = BUILT_PRODUCTS_DIR; };
		9D4FED142CDDCB5500C5941E /* FeedItem.swift */ = {isa = PBXFileReference; lastKnownFileType = sourcecode.swift; path = FeedItem.swift; sourceTree = "<group>"; };
		9D4FED212CE31FA500C5941E /* FeedEntity+CoreDataClass.swift */ = {isa = PBXFileReference; lastKnownFileType = sourcecode.swift; path = "FeedEntity+CoreDataClass.swift"; sourceTree = "<group>"; };
		9D4FED222CE31FA500C5941E /* FeedEntity+CoreDataProperties.swift */ = {isa = PBXFileReference; lastKnownFileType = sourcecode.swift; path = "FeedEntity+CoreDataProperties.swift"; sourceTree = "<group>"; };
		9D4FED8E2CE3274100C5941E /* FeedStorageManager.swift */ = {isa = PBXFileReference; lastKnownFileType = sourcecode.swift; path = FeedStorageManager.swift; sourceTree = "<group>"; };
		9D4FED902CE3330F00C5941E /* FeedDataManager.swift */ = {isa = PBXFileReference; lastKnownFileType = sourcecode.swift; path = FeedDataManager.swift; sourceTree = "<group>"; };
		9D6B3C432CC883BA0061939C /* ShareSpotInfo.swift */ = {isa = PBXFileReference; lastKnownFileType = sourcecode.swift; path = ShareSpotInfo.swift; sourceTree = "<group>"; };
		9DD769402CC21D6800BF683F /* NetworkManager.swift */ = {isa = PBXFileReference; lastKnownFileType = sourcecode.swift; path = NetworkManager.swift; sourceTree = "<group>"; };
		9DD769422CC21F7700BF683F /* AttractionResponse.swift */ = {isa = PBXFileReference; lastKnownFileType = sourcecode.swift; path = AttractionResponse.swift; sourceTree = "<group>"; };
		9DD769B12CC60FDA00BF683F /* AttractionImagesResponse.swift */ = {isa = PBXFileReference; lastKnownFileType = sourcecode.swift; path = AttractionImagesResponse.swift; sourceTree = "<group>"; };
		9DD76A152CC628D000BF683F /* CategoryCode.swift */ = {isa = PBXFileReference; lastKnownFileType = sourcecode.swift; path = CategoryCode.swift; sourceTree = "<group>"; };
		9DD76A172CC63C5600BF683F /* UnifiedResponse.swift */ = {isa = PBXFileReference; lastKnownFileType = sourcecode.swift; path = UnifiedResponse.swift; sourceTree = "<group>"; };
/* End PBXFileReference section */

/* Begin PBXFileSystemSynchronizedBuildFileExceptionSet section */
		9D095B2A2CC18120003A117D /* Exceptions for "takeTrip" folder in "takeTrip" target */ = {
			isa = PBXFileSystemSynchronizedBuildFileExceptionSet;
			membershipExceptions = (
				Info.plist,
			);
			target = 9D095AFE2CC1811E003A117D /* takeTrip */;
		};
		9DE60F5D2CC214D500D16538 /* Exceptions for "takeTrip" folder in "takeTripTests" target */ = {
			isa = PBXFileSystemSynchronizedBuildFileExceptionSet;
			membershipExceptions = (
				"Resource/Font/YeongdoOTF-Bold.otf",
				"Resource/Font/YeongdoOTF-Heavy.otf",
				"Resource/Font/YeongdoOTF-Regular.otf",
			);
			target = 9D095B172CC18120003A117D /* takeTripTests */;
		};
		9DE60F5E2CC214D500D16538 /* Exceptions for "takeTrip" folder in "takeTripUITests" target */ = {
			isa = PBXFileSystemSynchronizedBuildFileExceptionSet;
			membershipExceptions = (
				"Resource/Font/YeongdoOTF-Bold.otf",
				"Resource/Font/YeongdoOTF-Heavy.otf",
				"Resource/Font/YeongdoOTF-Regular.otf",
			);
			target = 9D095B212CC18120003A117D /* takeTripUITests */;
		};
/* End PBXFileSystemSynchronizedBuildFileExceptionSet section */

/* Begin PBXFileSystemSynchronizedRootGroup section */
		9D095B012CC1811E003A117D /* takeTrip */ = {
			isa = PBXFileSystemSynchronizedRootGroup;
			exceptions = (
				9D095B2A2CC18120003A117D /* Exceptions for "takeTrip" folder in "takeTrip" target */,
				9DE60F5D2CC214D500D16538 /* Exceptions for "takeTrip" folder in "takeTripTests" target */,
				9DE60F5E2CC214D500D16538 /* Exceptions for "takeTrip" folder in "takeTripUITests" target */,
			);
			path = takeTrip;
			sourceTree = "<group>";
		};
		9D095B1B2CC18120003A117D /* takeTripTests */ = {
			isa = PBXFileSystemSynchronizedRootGroup;
			path = takeTripTests;
			sourceTree = "<group>";
		};
		9D095B252CC18120003A117D /* takeTripUITests */ = {
			isa = PBXFileSystemSynchronizedRootGroup;
			path = takeTripUITests;
			sourceTree = "<group>";
		};
/* End PBXFileSystemSynchronizedRootGroup section */

/* Begin PBXFrameworksBuildPhase section */
		9D095AFC2CC1811E003A117D /* Frameworks */ = {
			isa = PBXFrameworksBuildPhase;
			buildActionMask = 2147483647;
			files = (
				9DD769482CC22BC600BF683F /* SDWebImageMapKit in Frameworks */,
				9DD769462CC22BC600BF683F /* SDWebImage in Frameworks */,
			);
			runOnlyForDeploymentPostprocessing = 0;
		};
		9D095B152CC18120003A117D /* Frameworks */ = {
			isa = PBXFrameworksBuildPhase;
			buildActionMask = 2147483647;
			files = (
			);
			runOnlyForDeploymentPostprocessing = 0;
		};
		9D095B1F2CC18120003A117D /* Frameworks */ = {
			isa = PBXFrameworksBuildPhase;
			buildActionMask = 2147483647;
			files = (
			);
			runOnlyForDeploymentPostprocessing = 0;
		};
/* End PBXFrameworksBuildPhase section */

/* Begin PBXGroup section */
		9D095AF62CC1811E003A117D = {
			isa = PBXGroup;
			children = (
				9D4FED212CE31FA500C5941E /* FeedEntity+CoreDataClass.swift */,
				9D4FED222CE31FA500C5941E /* FeedEntity+CoreDataProperties.swift */,
				9DD76A142CC628C100BF683F /* Enum */,
				9DD7693F2CC21D5500BF683F /* Model */,
				9DD7693E2CC21D3800BF683F /* Network */,
				9D095B012CC1811E003A117D /* takeTrip */,
				9D095B1B2CC18120003A117D /* takeTripTests */,
				9D095B252CC18120003A117D /* takeTripUITests */,
				9D095B002CC1811E003A117D /* Products */,
			);
			sourceTree = "<group>";
		};
		9D095B002CC1811E003A117D /* Products */ = {
			isa = PBXGroup;
			children = (
				9D095AFF2CC1811E003A117D /* takeTrip.app */,
				9D095B182CC18120003A117D /* takeTripTests.xctest */,
				9D095B222CC18120003A117D /* takeTripUITests.xctest */,
			);
			name = Products;
			sourceTree = "<group>";
		};
		9DD7693E2CC21D3800BF683F /* Network */ = {
			isa = PBXGroup;
			children = (
				9D4FED8E2CE3274100C5941E /* FeedStorageManager.swift */,
				9D4FED902CE3330F00C5941E /* FeedDataManager.swift */,
				9DD769402CC21D6800BF683F /* NetworkManager.swift */,
			);
			path = Network;
			sourceTree = "<group>";
		};
		9DD7693F2CC21D5500BF683F /* Model */ = {
			isa = PBXGroup;
			children = (
				9DD769422CC21F7700BF683F /* AttractionResponse.swift */,
				9DD769B12CC60FDA00BF683F /* AttractionImagesResponse.swift */,
				9DD76A172CC63C5600BF683F /* UnifiedResponse.swift */,
				9D6B3C432CC883BA0061939C /* ShareSpotInfo.swift */,
				9D4FED142CDDCB5500C5941E /* FeedItem.swift */,
			);
			path = Model;
			sourceTree = "<group>";
		};
		9DD76A142CC628C100BF683F /* Enum */ = {
			isa = PBXGroup;
			children = (
				9DD76A152CC628D000BF683F /* CategoryCode.swift */,
			);
			path = Enum;
			sourceTree = "<group>";
		};
/* End PBXGroup section */

/* Begin PBXNativeTarget section */
		9D095AFE2CC1811E003A117D /* takeTrip */ = {
			isa = PBXNativeTarget;
			buildConfigurationList = 9D095B2B2CC18120003A117D /* Build configuration list for PBXNativeTarget "takeTrip" */;
			buildPhases = (
				9D095AFB2CC1811E003A117D /* Sources */,
				9D095AFC2CC1811E003A117D /* Frameworks */,
				9D095AFD2CC1811E003A117D /* Resources */,
			);
			buildRules = (
			);
			dependencies = (
			);
			fileSystemSynchronizedGroups = (
				9D095B012CC1811E003A117D /* takeTrip */,
			);
			name = takeTrip;
			packageProductDependencies = (
				9DD769452CC22BC600BF683F /* SDWebImage */,
				9DD769472CC22BC600BF683F /* SDWebImageMapKit */,
			);
			productName = takeTrip;
			productReference = 9D095AFF2CC1811E003A117D /* takeTrip.app */;
			productType = "com.apple.product-type.application";
		};
		9D095B172CC18120003A117D /* takeTripTests */ = {
			isa = PBXNativeTarget;
			buildConfigurationList = 9D095B302CC18120003A117D /* Build configuration list for PBXNativeTarget "takeTripTests" */;
			buildPhases = (
				9D095B142CC18120003A117D /* Sources */,
				9D095B152CC18120003A117D /* Frameworks */,
				9D095B162CC18120003A117D /* Resources */,
			);
			buildRules = (
			);
			dependencies = (
				9D095B1A2CC18120003A117D /* PBXTargetDependency */,
			);
			fileSystemSynchronizedGroups = (
				9D095B1B2CC18120003A117D /* takeTripTests */,
			);
			name = takeTripTests;
			packageProductDependencies = (
			);
			productName = takeTripTests;
			productReference = 9D095B182CC18120003A117D /* takeTripTests.xctest */;
			productType = "com.apple.product-type.bundle.unit-test";
		};
		9D095B212CC18120003A117D /* takeTripUITests */ = {
			isa = PBXNativeTarget;
			buildConfigurationList = 9D095B332CC18120003A117D /* Build configuration list for PBXNativeTarget "takeTripUITests" */;
			buildPhases = (
				9D095B1E2CC18120003A117D /* Sources */,
				9D095B1F2CC18120003A117D /* Frameworks */,
				9D095B202CC18120003A117D /* Resources */,
			);
			buildRules = (
			);
			dependencies = (
				9D095B242CC18120003A117D /* PBXTargetDependency */,
			);
			fileSystemSynchronizedGroups = (
				9D095B252CC18120003A117D /* takeTripUITests */,
			);
			name = takeTripUITests;
			packageProductDependencies = (
			);
			productName = takeTripUITests;
			productReference = 9D095B222CC18120003A117D /* takeTripUITests.xctest */;
			productType = "com.apple.product-type.bundle.ui-testing";
		};
/* End PBXNativeTarget section */

/* Begin PBXProject section */
		9D095AF72CC1811E003A117D /* Project object */ = {
			isa = PBXProject;
			attributes = {
				BuildIndependentTargetsInParallel = 1;
				LastSwiftUpdateCheck = 1600;
				LastUpgradeCheck = 1600;
				TargetAttributes = {
					9D095AFE2CC1811E003A117D = {
						CreatedOnToolsVersion = 16.0;
					};
					9D095B172CC18120003A117D = {
						CreatedOnToolsVersion = 16.0;
						TestTargetID = 9D095AFE2CC1811E003A117D;
					};
					9D095B212CC18120003A117D = {
						CreatedOnToolsVersion = 16.0;
						TestTargetID = 9D095AFE2CC1811E003A117D;
					};
				};
			};
			buildConfigurationList = 9D095AFA2CC1811E003A117D /* Build configuration list for PBXProject "takeTrip" */;
			developmentRegion = en;
			hasScannedForEncodings = 0;
			knownRegions = (
				en,
				Base,
			);
			mainGroup = 9D095AF62CC1811E003A117D;
			minimizedProjectReferenceProxies = 1;
			packageReferences = (
				9DD769442CC22BC600BF683F /* XCRemoteSwiftPackageReference "SDWebImage" */,
			);
			preferredProjectObjectVersion = 77;
			productRefGroup = 9D095B002CC1811E003A117D /* Products */;
			projectDirPath = "";
			projectRoot = "";
			targets = (
				9D095AFE2CC1811E003A117D /* takeTrip */,
				9D095B172CC18120003A117D /* takeTripTests */,
				9D095B212CC18120003A117D /* takeTripUITests */,
			);
		};
/* End PBXProject section */

/* Begin PBXResourcesBuildPhase section */
		9D095AFD2CC1811E003A117D /* Resources */ = {
			isa = PBXResourcesBuildPhase;
			buildActionMask = 2147483647;
			files = (
			);
			runOnlyForDeploymentPostprocessing = 0;
		};
		9D095B162CC18120003A117D /* Resources */ = {
			isa = PBXResourcesBuildPhase;
			buildActionMask = 2147483647;
			files = (
			);
			runOnlyForDeploymentPostprocessing = 0;
		};
		9D095B202CC18120003A117D /* Resources */ = {
			isa = PBXResourcesBuildPhase;
			buildActionMask = 2147483647;
			files = (
			);
			runOnlyForDeploymentPostprocessing = 0;
		};
/* End PBXResourcesBuildPhase section */

/* Begin PBXSourcesBuildPhase section */
		9D095AFB2CC1811E003A117D /* Sources */ = {
			isa = PBXSourcesBuildPhase;
			buildActionMask = 2147483647;
			files = (
				9DD769432CC21F7700BF683F /* AttractionResponse.swift in Sources */,
				9D6B3C442CC883BA0061939C /* ShareSpotInfo.swift in Sources */,
				9DD76A182CC63C5600BF683F /* UnifiedResponse.swift in Sources */,
				9DD769412CC21D6800BF683F /* NetworkManager.swift in Sources */,
				9D4FED152CDDCB5500C5941E /* FeedItem.swift in Sources */,
				9D4FED232CE31FA500C5941E /* FeedEntity+CoreDataClass.swift in Sources */,
				9D4FED242CE31FA500C5941E /* FeedEntity+CoreDataProperties.swift in Sources */,
				9D4FED8F2CE3274100C5941E /* FeedStorageManager.swift in Sources */,
				9D4FED912CE3330F00C5941E /* FeedDataManager.swift in Sources */,
				9DD76A162CC628D000BF683F /* CategoryCode.swift in Sources */,
				9DD769B22CC60FDA00BF683F /* AttractionImagesResponse.swift in Sources */,
			);
			runOnlyForDeploymentPostprocessing = 0;
		};
		9D095B142CC18120003A117D /* Sources */ = {
			isa = PBXSourcesBuildPhase;
			buildActionMask = 2147483647;
			files = (
			);
			runOnlyForDeploymentPostprocessing = 0;
		};
		9D095B1E2CC18120003A117D /* Sources */ = {
			isa = PBXSourcesBuildPhase;
			buildActionMask = 2147483647;
			files = (
			);
			runOnlyForDeploymentPostprocessing = 0;
		};
/* End PBXSourcesBuildPhase section */

/* Begin PBXTargetDependency section */
		9D095B1A2CC18120003A117D /* PBXTargetDependency */ = {
			isa = PBXTargetDependency;
			target = 9D095AFE2CC1811E003A117D /* takeTrip */;
			targetProxy = 9D095B192CC18120003A117D /* PBXContainerItemProxy */;
		};
		9D095B242CC18120003A117D /* PBXTargetDependency */ = {
			isa = PBXTargetDependency;
			target = 9D095AFE2CC1811E003A117D /* takeTrip */;
			targetProxy = 9D095B232CC18120003A117D /* PBXContainerItemProxy */;
		};
/* End PBXTargetDependency section */

/* Begin XCBuildConfiguration section */
		9D095B2C2CC18120003A117D /* Debug */ = {
			isa = XCBuildConfiguration;
			buildSettings = {
				ASSETCATALOG_COMPILER_APPICON_NAME = AppIcon;
				ASSETCATALOG_COMPILER_GLOBAL_ACCENT_COLOR_NAME = AccentColor;
				CODE_SIGN_ENTITLEMENTS = takeTrip/takeTrip.entitlements;
				CODE_SIGN_STYLE = Automatic;
				CURRENT_PROJECT_VERSION = 1;
				DEVELOPMENT_TEAM = P9NXT375QP;
				GENERATE_INFOPLIST_FILE = YES;
				INFOPLIST_FILE = takeTrip/Info.plist;
				INFOPLIST_KEY_UIApplicationSupportsIndirectInputEvents = YES;
				INFOPLIST_KEY_UILaunchStoryboardName = LaunchScreen;
				INFOPLIST_KEY_UISupportedInterfaceOrientations = UIInterfaceOrientationPortrait;
				IPHONEOS_DEPLOYMENT_TARGET = 17.6;
				LD_RUNPATH_SEARCH_PATHS = (
					"$(inherited)",
					"@executable_path/Frameworks",
				);
				MARKETING_VERSION = 1.0;
				PRODUCT_BUNDLE_IDENTIFIER = com.jungguen.takeTrip;
				PRODUCT_NAME = "$(TARGET_NAME)";
				SUPPORTED_PLATFORMS = "iphoneos iphonesimulator";
				SUPPORTS_MACCATALYST = NO;
				SUPPORTS_MAC_DESIGNED_FOR_IPHONE_IPAD = NO;
				SUPPORTS_XR_DESIGNED_FOR_IPHONE_IPAD = NO;
				SWIFT_EMIT_LOC_STRINGS = YES;
				SWIFT_VERSION = 5.0;
				TARGETED_DEVICE_FAMILY = 1;
			};
			name = Debug;
		};
		9D095B2D2CC18120003A117D /* Release */ = {
			isa = XCBuildConfiguration;
			buildSettings = {
				ASSETCATALOG_COMPILER_APPICON_NAME = AppIcon;
				ASSETCATALOG_COMPILER_GLOBAL_ACCENT_COLOR_NAME = AccentColor;
				CODE_SIGN_ENTITLEMENTS = takeTrip/takeTrip.entitlements;
				CODE_SIGN_STYLE = Automatic;
				CURRENT_PROJECT_VERSION = 1;
				DEVELOPMENT_TEAM = P9NXT375QP;
				GENERATE_INFOPLIST_FILE = YES;
				INFOPLIST_FILE = takeTrip/Info.plist;
				INFOPLIST_KEY_UIApplicationSupportsIndirectInputEvents = YES;
				INFOPLIST_KEY_UILaunchStoryboardName = LaunchScreen;
				INFOPLIST_KEY_UISupportedInterfaceOrientations = UIInterfaceOrientationPortrait;
				IPHONEOS_DEPLOYMENT_TARGET = 17.6;
				LD_RUNPATH_SEARCH_PATHS = (
					"$(inherited)",
					"@executable_path/Frameworks",
				);
				MARKETING_VERSION = 1.0;
				PRODUCT_BUNDLE_IDENTIFIER = com.jungguen.takeTrip;
				PRODUCT_NAME = "$(TARGET_NAME)";
				SUPPORTED_PLATFORMS = "iphoneos iphonesimulator";
				SUPPORTS_MACCATALYST = NO;
				SUPPORTS_MAC_DESIGNED_FOR_IPHONE_IPAD = NO;
				SUPPORTS_XR_DESIGNED_FOR_IPHONE_IPAD = NO;
				SWIFT_EMIT_LOC_STRINGS = YES;
				SWIFT_VERSION = 5.0;
				TARGETED_DEVICE_FAMILY = 1;
			};
			name = Release;
		};
		9D095B2E2CC18120003A117D /* Debug */ = {
			isa = XCBuildConfiguration;
			buildSettings = {
				ALWAYS_SEARCH_USER_PATHS = NO;
				ASSETCATALOG_COMPILER_GENERATE_SWIFT_ASSET_SYMBOL_EXTENSIONS = YES;
				CLANG_ANALYZER_NONNULL = YES;
				CLANG_ANALYZER_NUMBER_OBJECT_CONVERSION = YES_AGGRESSIVE;
				CLANG_CXX_LANGUAGE_STANDARD = "gnu++20";
				CLANG_ENABLE_MODULES = YES;
				CLANG_ENABLE_OBJC_ARC = YES;
				CLANG_ENABLE_OBJC_WEAK = YES;
				CLANG_WARN_BLOCK_CAPTURE_AUTORELEASING = YES;
				CLANG_WARN_BOOL_CONVERSION = YES;
				CLANG_WARN_COMMA = YES;
				CLANG_WARN_CONSTANT_CONVERSION = YES;
				CLANG_WARN_DEPRECATED_OBJC_IMPLEMENTATIONS = YES;
				CLANG_WARN_DIRECT_OBJC_ISA_USAGE = YES_ERROR;
				CLANG_WARN_DOCUMENTATION_COMMENTS = YES;
				CLANG_WARN_EMPTY_BODY = YES;
				CLANG_WARN_ENUM_CONVERSION = YES;
				CLANG_WARN_INFINITE_RECURSION = YES;
				CLANG_WARN_INT_CONVERSION = YES;
				CLANG_WARN_NON_LITERAL_NULL_CONVERSION = YES;
				CLANG_WARN_OBJC_IMPLICIT_RETAIN_SELF = YES;
				CLANG_WARN_OBJC_LITERAL_CONVERSION = YES;
				CLANG_WARN_OBJC_ROOT_CLASS = YES_ERROR;
				CLANG_WARN_QUOTED_INCLUDE_IN_FRAMEWORK_HEADER = YES;
				CLANG_WARN_RANGE_LOOP_ANALYSIS = YES;
				CLANG_WARN_STRICT_PROTOTYPES = YES;
				CLANG_WARN_SUSPICIOUS_MOVE = YES;
				CLANG_WARN_UNGUARDED_AVAILABILITY = YES_AGGRESSIVE;
				CLANG_WARN_UNREACHABLE_CODE = YES;
				CLANG_WARN__DUPLICATE_METHOD_MATCH = YES;
				COPY_PHASE_STRIP = NO;
				DEBUG_INFORMATION_FORMAT = dwarf;
				ENABLE_STRICT_OBJC_MSGSEND = YES;
				ENABLE_TESTABILITY = YES;
				ENABLE_USER_SCRIPT_SANDBOXING = YES;
				GCC_C_LANGUAGE_STANDARD = gnu17;
				GCC_DYNAMIC_NO_PIC = NO;
				GCC_NO_COMMON_BLOCKS = YES;
				GCC_OPTIMIZATION_LEVEL = 0;
				GCC_PREPROCESSOR_DEFINITIONS = (
					"DEBUG=1",
					"$(inherited)",
				);
				GCC_WARN_64_TO_32_BIT_CONVERSION = YES;
				GCC_WARN_ABOUT_RETURN_TYPE = YES_ERROR;
				GCC_WARN_UNDECLARED_SELECTOR = YES;
				GCC_WARN_UNINITIALIZED_AUTOS = YES_AGGRESSIVE;
				GCC_WARN_UNUSED_FUNCTION = YES;
				GCC_WARN_UNUSED_VARIABLE = YES;
				IPHONEOS_DEPLOYMENT_TARGET = 18.0;
				LOCALIZATION_PREFERS_STRING_CATALOGS = YES;
				MTL_ENABLE_DEBUG_INFO = INCLUDE_SOURCE;
				MTL_FAST_MATH = YES;
				ONLY_ACTIVE_ARCH = YES;
				SDKROOT = iphoneos;
				SWIFT_ACTIVE_COMPILATION_CONDITIONS = "DEBUG $(inherited)";
				SWIFT_OPTIMIZATION_LEVEL = "-Onone";
			};
			name = Debug;
		};
		9D095B2F2CC18120003A117D /* Release */ = {
			isa = XCBuildConfiguration;
			buildSettings = {
				ALWAYS_SEARCH_USER_PATHS = NO;
				ASSETCATALOG_COMPILER_GENERATE_SWIFT_ASSET_SYMBOL_EXTENSIONS = YES;
				CLANG_ANALYZER_NONNULL = YES;
				CLANG_ANALYZER_NUMBER_OBJECT_CONVERSION = YES_AGGRESSIVE;
				CLANG_CXX_LANGUAGE_STANDARD = "gnu++20";
				CLANG_ENABLE_MODULES = YES;
				CLANG_ENABLE_OBJC_ARC = YES;
				CLANG_ENABLE_OBJC_WEAK = YES;
				CLANG_WARN_BLOCK_CAPTURE_AUTORELEASING = YES;
				CLANG_WARN_BOOL_CONVERSION = YES;
				CLANG_WARN_COMMA = YES;
				CLANG_WARN_CONSTANT_CONVERSION = YES;
				CLANG_WARN_DEPRECATED_OBJC_IMPLEMENTATIONS = YES;
				CLANG_WARN_DIRECT_OBJC_ISA_USAGE = YES_ERROR;
				CLANG_WARN_DOCUMENTATION_COMMENTS = YES;
				CLANG_WARN_EMPTY_BODY = YES;
				CLANG_WARN_ENUM_CONVERSION = YES;
				CLANG_WARN_INFINITE_RECURSION = YES;
				CLANG_WARN_INT_CONVERSION = YES;
				CLANG_WARN_NON_LITERAL_NULL_CONVERSION = YES;
				CLANG_WARN_OBJC_IMPLICIT_RETAIN_SELF = YES;
				CLANG_WARN_OBJC_LITERAL_CONVERSION = YES;
				CLANG_WARN_OBJC_ROOT_CLASS = YES_ERROR;
				CLANG_WARN_QUOTED_INCLUDE_IN_FRAMEWORK_HEADER = YES;
				CLANG_WARN_RANGE_LOOP_ANALYSIS = YES;
				CLANG_WARN_STRICT_PROTOTYPES = YES;
				CLANG_WARN_SUSPICIOUS_MOVE = YES;
				CLANG_WARN_UNGUARDED_AVAILABILITY = YES_AGGRESSIVE;
				CLANG_WARN_UNREACHABLE_CODE = YES;
				CLANG_WARN__DUPLICATE_METHOD_MATCH = YES;
				COPY_PHASE_STRIP = NO;
				DEBUG_INFORMATION_FORMAT = "dwarf-with-dsym";
				ENABLE_NS_ASSERTIONS = NO;
				ENABLE_STRICT_OBJC_MSGSEND = YES;
				ENABLE_USER_SCRIPT_SANDBOXING = YES;
				GCC_C_LANGUAGE_STANDARD = gnu17;
				GCC_NO_COMMON_BLOCKS = YES;
				GCC_WARN_64_TO_32_BIT_CONVERSION = YES;
				GCC_WARN_ABOUT_RETURN_TYPE = YES_ERROR;
				GCC_WARN_UNDECLARED_SELECTOR = YES;
				GCC_WARN_UNINITIALIZED_AUTOS = YES_AGGRESSIVE;
				GCC_WARN_UNUSED_FUNCTION = YES;
				GCC_WARN_UNUSED_VARIABLE = YES;
				IPHONEOS_DEPLOYMENT_TARGET = 18.0;
				LOCALIZATION_PREFERS_STRING_CATALOGS = YES;
				MTL_ENABLE_DEBUG_INFO = NO;
				MTL_FAST_MATH = YES;
				SDKROOT = iphoneos;
				SWIFT_COMPILATION_MODE = wholemodule;
				VALIDATE_PRODUCT = YES;
			};
			name = Release;
		};
		9D095B312CC18120003A117D /* Debug */ = {
			isa = XCBuildConfiguration;
			buildSettings = {
				BUNDLE_LOADER = "$(TEST_HOST)";
				CODE_SIGN_STYLE = Automatic;
				CURRENT_PROJECT_VERSION = 1;
				DEVELOPMENT_TEAM = P9NXT375QP;
				GENERATE_INFOPLIST_FILE = YES;
				IPHONEOS_DEPLOYMENT_TARGET = 18.0;
				MARKETING_VERSION = 1.0;
				PRODUCT_BUNDLE_IDENTIFIER = com.jungguen.takeTripTests;
				PRODUCT_NAME = "$(TARGET_NAME)";
				SWIFT_EMIT_LOC_STRINGS = NO;
				SWIFT_VERSION = 5.0;
				TARGETED_DEVICE_FAMILY = "1,2";
				TEST_HOST = "$(BUILT_PRODUCTS_DIR)/takeTrip.app/$(BUNDLE_EXECUTABLE_FOLDER_PATH)/takeTrip";
			};
			name = Debug;
		};
		9D095B322CC18120003A117D /* Release */ = {
			isa = XCBuildConfiguration;
			buildSettings = {
				BUNDLE_LOADER = "$(TEST_HOST)";
				CODE_SIGN_STYLE = Automatic;
				CURRENT_PROJECT_VERSION = 1;
				DEVELOPMENT_TEAM = P9NXT375QP;
				GENERATE_INFOPLIST_FILE = YES;
				IPHONEOS_DEPLOYMENT_TARGET = 18.0;
				MARKETING_VERSION = 1.0;
				PRODUCT_BUNDLE_IDENTIFIER = com.jungguen.takeTripTests;
				PRODUCT_NAME = "$(TARGET_NAME)";
				SWIFT_EMIT_LOC_STRINGS = NO;
				SWIFT_VERSION = 5.0;
				TARGETED_DEVICE_FAMILY = "1,2";
				TEST_HOST = "$(BUILT_PRODUCTS_DIR)/takeTrip.app/$(BUNDLE_EXECUTABLE_FOLDER_PATH)/takeTrip";
			};
			name = Release;
		};
		9D095B342CC18120003A117D /* Debug */ = {
			isa = XCBuildConfiguration;
			buildSettings = {
				CODE_SIGN_STYLE = Automatic;
				CURRENT_PROJECT_VERSION = 1;
				DEVELOPMENT_TEAM = P9NXT375QP;
				GENERATE_INFOPLIST_FILE = YES;
				MARKETING_VERSION = 1.0;
				PRODUCT_BUNDLE_IDENTIFIER = com.jungguen.takeTripUITests;
				PRODUCT_NAME = "$(TARGET_NAME)";
				SWIFT_EMIT_LOC_STRINGS = NO;
				SWIFT_VERSION = 5.0;
				TARGETED_DEVICE_FAMILY = "1,2";
				TEST_TARGET_NAME = takeTrip;
			};
			name = Debug;
		};
		9D095B352CC18120003A117D /* Release */ = {
			isa = XCBuildConfiguration;
			buildSettings = {
				CODE_SIGN_STYLE = Automatic;
				CURRENT_PROJECT_VERSION = 1;
				DEVELOPMENT_TEAM = P9NXT375QP;
				GENERATE_INFOPLIST_FILE = YES;
				MARKETING_VERSION = 1.0;
				PRODUCT_BUNDLE_IDENTIFIER = com.jungguen.takeTripUITests;
				PRODUCT_NAME = "$(TARGET_NAME)";
				SWIFT_EMIT_LOC_STRINGS = NO;
				SWIFT_VERSION = 5.0;
				TARGETED_DEVICE_FAMILY = "1,2";
				TEST_TARGET_NAME = takeTrip;
			};
			name = Release;
		};
/* End XCBuildConfiguration section */

/* Begin XCConfigurationList section */
		9D095AFA2CC1811E003A117D /* Build configuration list for PBXProject "takeTrip" */ = {
			isa = XCConfigurationList;
			buildConfigurations = (
				9D095B2E2CC18120003A117D /* Debug */,
				9D095B2F2CC18120003A117D /* Release */,
			);
			defaultConfigurationIsVisible = 0;
			defaultConfigurationName = Release;
		};
		9D095B2B2CC18120003A117D /* Build configuration list for PBXNativeTarget "takeTrip" */ = {
			isa = XCConfigurationList;
			buildConfigurations = (
				9D095B2C2CC18120003A117D /* Debug */,
				9D095B2D2CC18120003A117D /* Release */,
			);
			defaultConfigurationIsVisible = 0;
			defaultConfigurationName = Release;
		};
		9D095B302CC18120003A117D /* Build configuration list for PBXNativeTarget "takeTripTests" */ = {
			isa = XCConfigurationList;
			buildConfigurations = (
				9D095B312CC18120003A117D /* Debug */,
				9D095B322CC18120003A117D /* Release */,
			);
			defaultConfigurationIsVisible = 0;
			defaultConfigurationName = Release;
		};
		9D095B332CC18120003A117D /* Build configuration list for PBXNativeTarget "takeTripUITests" */ = {
			isa = XCConfigurationList;
			buildConfigurations = (
				9D095B342CC18120003A117D /* Debug */,
				9D095B352CC18120003A117D /* Release */,
			);
			defaultConfigurationIsVisible = 0;
			defaultConfigurationName = Release;
		};
/* End XCConfigurationList section */

/* Begin XCRemoteSwiftPackageReference section */
		9DD769442CC22BC600BF683F /* XCRemoteSwiftPackageReference "SDWebImage" */ = {
			isa = XCRemoteSwiftPackageReference;
			repositoryURL = "https://github.com/SDWebImage/SDWebImage.git";
			requirement = {
				kind = upToNextMajorVersion;
				minimumVersion = 5.19.7;
			};
		};
/* End XCRemoteSwiftPackageReference section */

/* Begin XCSwiftPackageProductDependency section */
		9DD769452CC22BC600BF683F /* SDWebImage */ = {
			isa = XCSwiftPackageProductDependency;
			package = 9DD769442CC22BC600BF683F /* XCRemoteSwiftPackageReference "SDWebImage" */;
			productName = SDWebImage;
		};
		9DD769472CC22BC600BF683F /* SDWebImageMapKit */ = {
			isa = XCSwiftPackageProductDependency;
			package = 9DD769442CC22BC600BF683F /* XCRemoteSwiftPackageReference "SDWebImage" */;
			productName = SDWebImageMapKit;
		};
/* End XCSwiftPackageProductDependency section */
	};
	rootObject = 9D095AF72CC1811E003A117D /* Project object */;
}
